
Microsoft Visual Studio Solution File, Format Version 12.00
# Visual Studio 2013
VisualStudioVersion = 12.0.31101.0
MinimumVisualStudioVersion = 10.0.40219.1
Project("{FAE04EC0-301F-11D3-BF4B-00C04F79EFBC}") = "MyWebSite.Web", "MyWebSite.Web\MyWebSite.Web.csproj", "{036CCB15-FCCD-4F71-AC02-96A6537CC453}"
EndProject
Project("{FAE04EC0-301F-11D3-BF4B-00C04F79EFBC}") = "MyWebSite.API", "MyWebSite.API\MyWebSite.API.csproj", "{540E6038-C234-4B5A-9DDD-79D3F8FBEBA7}"
EndProject
Project("{2150E333-8FDC-42A3-9474-1A3956D46DE8}") = "APIs", "APIs", "{6E6B170C-3AA1-4146-822C-48F50D574156}"
EndProject
Project("{2150E333-8FDC-42A3-9474-1A3956D46DE8}") = "Web", "Web", "{E34D8262-7632-4BEA-BCEF-E400448D59FF}"
EndProject
Project("{2150E333-8FDC-42A3-9474-1A3956D46DE8}") = "Domain", "Domain", "{E3E875D9-60AA-4E14-9D3C-4BB0D7D44FBC}"
EndProject
Project("{FAE04EC0-301F-11D3-BF4B-00C04F79EFBC}") = "MyWebSite.Domain", "MyWebSite.Domain\MyWebSite.Domain.csproj", "{952C1742-D609-4A8C-9DCB-A6624394D82C}"
EndProject
Project("{FAE04EC0-301F-11D3-BF4B-00C04F79EFBC}") = "MyWebSite.Repository", "MyWebSite.Repository\MyWebSite.Repository.csproj", "{1DEFF308-9767-41EB-AEEE-AB40DC1D5CBD}"
EndProject
Project("{FAE04EC0-301F-11D3-BF4B-00C04F79EFBC}") = "MyWebSite.Service", "MyWebSite.Service\MyWebSite.Service.csproj", "{C68B279E-015B-4112-AA6A-0EB629ECDC06}"
EndProject
Project("{FAE04EC0-301F-11D3-BF4B-00C04F79EFBC}") = "MyWebSite.Share", "MyWebSite.Share\MyWebSite.Share.csproj", "{FE4E930E-93A1-4E61-81CC-2F1989E41729}"
EndProject
Global
	GlobalSection(SolutionConfigurationPlatforms) = preSolution
		Debug|Any CPU = Debug|Any CPU
		Release|Any CPU = Release|Any CPU
	EndGlobalSection
	GlobalSection(ProjectConfigurationPlatforms) = postSolution
		{036CCB15-FCCD-4F71-AC02-96A6537CC453}.Debug|Any CPU.ActiveCfg = Debug|Any CPU
		{036CCB15-FCCD-4F71-AC02-96A6537CC453}.Debug|Any CPU.Build.0 = Debug|Any CPU
		{036CCB15-FCCD-4F71-AC02-96A6537CC453}.Release|Any CPU.ActiveCfg = Release|Any CPU
		{036CCB15-FCCD-4F71-AC02-96A6537CC453}.Release|Any CPU.Build.0 = Release|Any CPU
		{540E6038-C234-4B5A-9DDD-79D3F8FBEBA7}.Debug|Any CPU.ActiveCfg = Debug|Any CPU
		{540E6038-C234-4B5A-9DDD-79D3F8FBEBA7}.Debug|Any CPU.Build.0 = Debug|Any CPU
		{540E6038-C234-4B5A-9DDD-79D3F8FBEBA7}.Release|Any CPU.ActiveCfg = Release|Any CPU
		{540E6038-C234-4B5A-9DDD-79D3F8FBEBA7}.Release|Any CPU.Build.0 = Release|Any CPU
		{952C1742-D609-4A8C-9DCB-A6624394D82C}.Debug|Any CPU.ActiveCfg = Debug|Any CPU
		{952C1742-D609-4A8C-9DCB-A6624394D82C}.Debug|Any CPU.Build.0 = Debug|Any CPU
		{952C1742-D609-4A8C-9DCB-A6624394D82C}.Release|Any CPU.ActiveCfg = Release|Any CPU
		{952C1742-D609-4A8C-9DCB-A6624394D82C}.Release|Any CPU.Build.0 = Release|Any CPU
		{1DEFF308-9767-41EB-AEEE-AB40DC1D5CBD}.Debug|Any CPU.ActiveCfg = Debug|Any CPU
		{1DEFF308-9767-41EB-AEEE-AB40DC1D5CBD}.Debug|Any CPU.Build.0 = Debug|Any CPU
		{1DEFF308-9767-41EB-AEEE-AB40DC1D5CBD}.Release|Any CPU.ActiveCfg = Release|Any CPU
		{1DEFF308-9767-41EB-AEEE-AB40DC1D5CBD}.Release|Any CPU.Build.0 = Release|Any CPU
		{C68B279E-015B-4112-AA6A-0EB629ECDC06}.Debug|Any CPU.ActiveCfg = Debug|Any CPU
		{C68B279E-015B-4112-AA6A-0EB629ECDC06}.Debug|Any CPU.Build.0 = Debug|Any CPU
		{C68B279E-015B-4112-AA6A-0EB629ECDC06}.Release|Any CPU.ActiveCfg = Release|Any CPU
		{C68B279E-015B-4112-AA6A-0EB629ECDC06}.Release|Any CPU.Build.0 = Release|Any CPU
		{FE4E930E-93A1-4E61-81CC-2F1989E41729}.Debug|Any CPU.ActiveCfg = Debug|Any CPU
		{FE4E930E-93A1-4E61-81CC-2F1989E41729}.Debug|Any CPU.Build.0 = Debug|Any CPU
		{FE4E930E-93A1-4E61-81CC-2F1989E41729}.Release|Any CPU.ActiveCfg = Release|Any CPU
		{FE4E930E-93A1-4E61-81CC-2F1989E41729}.Release|Any CPU.Build.0 = Release|Any CPU
	EndGlobalSection
	GlobalSection(SolutionProperties) = preSolution
		HideSolutionNode = FALSE
	EndGlobalSection
	GlobalSection(NestedProjects) = preSolution
		{036CCB15-FCCD-4F71-AC02-96A6537CC453} = {E34D8262-7632-4BEA-BCEF-E400448D59FF}
		{540E6038-C234-4B5A-9DDD-79D3F8FBEBA7} = {6E6B170C-3AA1-4146-822C-48F50D574156}
		{952C1742-D609-4A8C-9DCB-A6624394D82C} = {E3E875D9-60AA-4E14-9D3C-4BB0D7D44FBC}
		{1DEFF308-9767-41EB-AEEE-AB40DC1D5CBD} = {E3E875D9-60AA-4E14-9D3C-4BB0D7D44FBC}
		{C68B279E-015B-4112-AA6A-0EB629ECDC06} = {E3E875D9-60AA-4E14-9D3C-4BB0D7D44FBC}
		{FE4E930E-93A1-4E61-81CC-2F1989E41729} = {E3E875D9-60AA-4E14-9D3C-4BB0D7D44FBC}
	EndGlobalSection
EndGlobal
