
Microsoft Visual Studio Solution File, Format Version 12.00
# Visual Studio 2013
VisualStudioVersion = 12.0.31101.0
MinimumVisualStudioVersion = 10.0.40219.1
Project("{FAE04EC0-301F-11D3-BF4B-00C04F79EFBC}") = "MyWebSite.Web", "MyWebSite.Web\MyWebSite.Web.csproj", "{70C26411-6168-43FA-8F4F-DEB1CF7852A3}"
EndProject
Project("{2150E333-8FDC-42A3-9474-1A3956D46DE8}") = "Web", "Web", "{56998957-5910-4ABC-B0EF-C18337F437C1}"
EndProject
Project("{2150E333-8FDC-42A3-9474-1A3956D46DE8}") = "APIs", "APIs", "{9655EB18-C192-4479-AF7A-793888C6A979}"
EndProject
Project("{2150E333-8FDC-42A3-9474-1A3956D46DE8}") = "Domain", "Domain", "{A7465FE9-4E8C-46D8-9311-2981B568EFAB}"
EndProject
Project("{2150E333-8FDC-42A3-9474-1A3956D46DE8}") = "DataAccess", "DataAccess", "{14AC4F80-F1DE-4B4D-860D-AA6D18C2FAA2}"
EndProject
Project("{FAE04EC0-301F-11D3-BF4B-00C04F79EFBC}") = "MyWebSite.API", "MyWebSite.API\MyWebSite.API.csproj", "{62541D9B-A0D4-4CA7-AC0E-9BC2B80C7938}"
EndProject
Project("{FAE04EC0-301F-11D3-BF4B-00C04F79EFBC}") = "MyWebSite.Repository", "MyWebSite.Repository\MyWebSite.Repository.csproj", "{38A8956F-FF21-4D15-890B-78B7E84D2469}"
EndProject
Project("{FAE04EC0-301F-11D3-BF4B-00C04F79EFBC}") = "MyWebSite.Service", "MyWebSite.Service\MyWebSite.Service.csproj", "{7D49053E-554E-4D67-892E-246C25D7C517}"
EndProject
Project("{FAE04EC0-301F-11D3-BF4B-00C04F79EFBC}") = "MyWebSite.Share", "MyWebSite.Share\MyWebSite.Share.csproj", "{ED8FDBC3-F6C8-4E6F-94AE-45C83A6F4FFC}"
EndProject
Project("{FAE04EC0-301F-11D3-BF4B-00C04F79EFBC}") = "MyWebSite.Models", "MyWebSite.Models\MyWebSite.Models.csproj", "{ED0B8F8E-ECF7-4E20-A6B3-7ED5CA76697F}"
EndProject
Project("{FAE04EC0-301F-11D3-BF4B-00C04F79EFBC}") = "MyWebSite.EF", "MyWebSite.EF\MyWebSite.EF.csproj", "{268CCDA8-4B69-4EB8-BE41-E23A05219100}"
EndProject
Project("{2150E333-8FDC-42A3-9474-1A3956D46DE8}") = "LearnPractice", "LearnPractice", "{43006AE2-7DEA-41F9-B5CF-2F5951212E87}"
EndProject
Project("{FAE04EC0-301F-11D3-BF4B-00C04F79EFBC}") = "01.Webuploader", "01.Webuploader\01.Webuploader.csproj", "{3EA9822A-0067-42DA-A731-9265566ADE6D}"
EndProject
Project("{2150E333-8FDC-42A3-9474-1A3956D46DE8}") = "CommonLibrary", "CommonLibrary", "{8E8D78C9-3187-46A4-83B5-E8DC7D7D7EA7}"
EndProject
Project("{FAE04EC0-301F-11D3-BF4B-00C04F79EFBC}") = "ComLibrary", "ComLibrary\ComLibrary.csproj", "{5BF7E43A-09DE-40B8-AF62-ACEFC79D2D2F}"
EndProject
Project("{FAE04EC0-301F-11D3-BF4B-00C04F79EFBC}") = "Excel_Csv_Uploader", "Excel_Csv_Uploader\Excel_Csv_Uploader.csproj", "{23027C80-FE12-4B1E-B36B-F0CB950A86A9}"
EndProject
Global
	GlobalSection(SolutionConfigurationPlatforms) = preSolution
		Debug|Any CPU = Debug|Any CPU
		Release|Any CPU = Release|Any CPU
	EndGlobalSection
	GlobalSection(ProjectConfigurationPlatforms) = postSolution
		{70C26411-6168-43FA-8F4F-DEB1CF7852A3}.Debug|Any CPU.ActiveCfg = Debug|Any CPU
		{70C26411-6168-43FA-8F4F-DEB1CF7852A3}.Debug|Any CPU.Build.0 = Debug|Any CPU
		{70C26411-6168-43FA-8F4F-DEB1CF7852A3}.Release|Any CPU.ActiveCfg = Release|Any CPU
		{70C26411-6168-43FA-8F4F-DEB1CF7852A3}.Release|Any CPU.Build.0 = Release|Any CPU
		{62541D9B-A0D4-4CA7-AC0E-9BC2B80C7938}.Debug|Any CPU.ActiveCfg = Debug|Any CPU
		{62541D9B-A0D4-4CA7-AC0E-9BC2B80C7938}.Debug|Any CPU.Build.0 = Debug|Any CPU
		{62541D9B-A0D4-4CA7-AC0E-9BC2B80C7938}.Release|Any CPU.ActiveCfg = Release|Any CPU
		{62541D9B-A0D4-4CA7-AC0E-9BC2B80C7938}.Release|Any CPU.Build.0 = Release|Any CPU
		{38A8956F-FF21-4D15-890B-78B7E84D2469}.Debug|Any CPU.ActiveCfg = Debug|Any CPU
		{38A8956F-FF21-4D15-890B-78B7E84D2469}.Debug|Any CPU.Build.0 = Debug|Any CPU
		{38A8956F-FF21-4D15-890B-78B7E84D2469}.Release|Any CPU.ActiveCfg = Release|Any CPU
		{38A8956F-FF21-4D15-890B-78B7E84D2469}.Release|Any CPU.Build.0 = Release|Any CPU
		{7D49053E-554E-4D67-892E-246C25D7C517}.Debug|Any CPU.ActiveCfg = Debug|Any CPU
		{7D49053E-554E-4D67-892E-246C25D7C517}.Debug|Any CPU.Build.0 = Debug|Any CPU
		{7D49053E-554E-4D67-892E-246C25D7C517}.Release|Any CPU.ActiveCfg = Release|Any CPU
		{7D49053E-554E-4D67-892E-246C25D7C517}.Release|Any CPU.Build.0 = Release|Any CPU
		{ED8FDBC3-F6C8-4E6F-94AE-45C83A6F4FFC}.Debug|Any CPU.ActiveCfg = Debug|Any CPU
		{ED8FDBC3-F6C8-4E6F-94AE-45C83A6F4FFC}.Debug|Any CPU.Build.0 = Debug|Any CPU
		{ED8FDBC3-F6C8-4E6F-94AE-45C83A6F4FFC}.Release|Any CPU.ActiveCfg = Release|Any CPU
		{ED8FDBC3-F6C8-4E6F-94AE-45C83A6F4FFC}.Release|Any CPU.Build.0 = Release|Any CPU
		{ED0B8F8E-ECF7-4E20-A6B3-7ED5CA76697F}.Debug|Any CPU.ActiveCfg = Debug|Any CPU
		{ED0B8F8E-ECF7-4E20-A6B3-7ED5CA76697F}.Debug|Any CPU.Build.0 = Debug|Any CPU
		{ED0B8F8E-ECF7-4E20-A6B3-7ED5CA76697F}.Release|Any CPU.ActiveCfg = Release|Any CPU
		{ED0B8F8E-ECF7-4E20-A6B3-7ED5CA76697F}.Release|Any CPU.Build.0 = Release|Any CPU
		{268CCDA8-4B69-4EB8-BE41-E23A05219100}.Debug|Any CPU.ActiveCfg = Debug|Any CPU
		{268CCDA8-4B69-4EB8-BE41-E23A05219100}.Debug|Any CPU.Build.0 = Debug|Any CPU
		{268CCDA8-4B69-4EB8-BE41-E23A05219100}.Release|Any CPU.ActiveCfg = Release|Any CPU
		{268CCDA8-4B69-4EB8-BE41-E23A05219100}.Release|Any CPU.Build.0 = Release|Any CPU
		{3EA9822A-0067-42DA-A731-9265566ADE6D}.Debug|Any CPU.ActiveCfg = Debug|Any CPU
		{3EA9822A-0067-42DA-A731-9265566ADE6D}.Debug|Any CPU.Build.0 = Debug|Any CPU
		{3EA9822A-0067-42DA-A731-9265566ADE6D}.Release|Any CPU.ActiveCfg = Release|Any CPU
		{3EA9822A-0067-42DA-A731-9265566ADE6D}.Release|Any CPU.Build.0 = Release|Any CPU
		{5BF7E43A-09DE-40B8-AF62-ACEFC79D2D2F}.Debug|Any CPU.ActiveCfg = Debug|Any CPU
		{5BF7E43A-09DE-40B8-AF62-ACEFC79D2D2F}.Debug|Any CPU.Build.0 = Debug|Any CPU
		{5BF7E43A-09DE-40B8-AF62-ACEFC79D2D2F}.Release|Any CPU.ActiveCfg = Release|Any CPU
		{5BF7E43A-09DE-40B8-AF62-ACEFC79D2D2F}.Release|Any CPU.Build.0 = Release|Any CPU
		{23027C80-FE12-4B1E-B36B-F0CB950A86A9}.Debug|Any CPU.ActiveCfg = Debug|Any CPU
		{23027C80-FE12-4B1E-B36B-F0CB950A86A9}.Debug|Any CPU.Build.0 = Debug|Any CPU
		{23027C80-FE12-4B1E-B36B-F0CB950A86A9}.Release|Any CPU.ActiveCfg = Release|Any CPU
		{23027C80-FE12-4B1E-B36B-F0CB950A86A9}.Release|Any CPU.Build.0 = Release|Any CPU
	EndGlobalSection
	GlobalSection(SolutionProperties) = preSolution
		HideSolutionNode = FALSE
	EndGlobalSection
	GlobalSection(NestedProjects) = preSolution
		{70C26411-6168-43FA-8F4F-DEB1CF7852A3} = {56998957-5910-4ABC-B0EF-C18337F437C1}
		{62541D9B-A0D4-4CA7-AC0E-9BC2B80C7938} = {9655EB18-C192-4479-AF7A-793888C6A979}
		{38A8956F-FF21-4D15-890B-78B7E84D2469} = {A7465FE9-4E8C-46D8-9311-2981B568EFAB}
		{7D49053E-554E-4D67-892E-246C25D7C517} = {A7465FE9-4E8C-46D8-9311-2981B568EFAB}
		{ED8FDBC3-F6C8-4E6F-94AE-45C83A6F4FFC} = {A7465FE9-4E8C-46D8-9311-2981B568EFAB}
		{ED0B8F8E-ECF7-4E20-A6B3-7ED5CA76697F} = {14AC4F80-F1DE-4B4D-860D-AA6D18C2FAA2}
		{268CCDA8-4B69-4EB8-BE41-E23A05219100} = {14AC4F80-F1DE-4B4D-860D-AA6D18C2FAA2}
		{3EA9822A-0067-42DA-A731-9265566ADE6D} = {43006AE2-7DEA-41F9-B5CF-2F5951212E87}
		{5BF7E43A-09DE-40B8-AF62-ACEFC79D2D2F} = {8E8D78C9-3187-46A4-83B5-E8DC7D7D7EA7}
		{23027C80-FE12-4B1E-B36B-F0CB950A86A9} = {43006AE2-7DEA-41F9-B5CF-2F5951212E87}
	EndGlobalSection
EndGlobal
